
Microsoft Visual Studio Solution File, Format Version 12.00
# Visual Studio Version 17
VisualStudioVersion = 17.4.33205.214
MinimumVisualStudioVersion = 10.0.40219.1
Project("{FAE04EC0-301F-11D3-BF4B-00C04F79EFBC}") = "Web_API", "Ornek_Web_App\Web_API.csproj", "{4B5E6773-4EF8-4D27-8AE7-0FDC28061FF9}"
EndProject
Global
	GlobalSection(SolutionConfigurationPlatforms) = preSolution
		Debug|Any CPU = Debug|Any CPU
		Release|Any CPU = Release|Any CPU
	EndGlobalSection
	GlobalSection(ProjectConfigurationPlatforms) = postSolution
		{4B5E6773-4EF8-4D27-8AE7-0FDC28061FF9}.Debug|Any CPU.ActiveCfg = Debug|Any CPU
		{4B5E6773-4EF8-4D27-8AE7-0FDC28061FF9}.Debug|Any CPU.Build.0 = Debug|Any CPU
		{4B5E6773-4EF8-4D27-8AE7-0FDC28061FF9}.Release|Any CPU.ActiveCfg = Release|Any CPU
		{4B5E6773-4EF8-4D27-8AE7-0FDC28061FF9}.Release|Any CPU.Build.0 = Release|Any CPU
	EndGlobalSection
	GlobalSection(SolutionProperties) = preSolution
		HideSolutionNode = FALSE
	EndGlobalSection
	GlobalSection(ExtensibilityGlobals) = postSolution
		SolutionGuid = {A9C43CBB-075F-465B-9A4E-FA7A8A120810}
	EndGlobalSection
EndGlobal
